// !$*UTF8*$!
{
	archiveVersion = 1;
	classes = {
	};
	objectVersion = 46;
	objects = {

/* Begin PBXBuildFile section */
		BE010614197513D9000A7B41 /* Foundation.framework in Frameworks */ = {isa = PBXBuildFile; fileRef = BE010613197513D9000A7B41 /* Foundation.framework */; };
		BE010616197513D9000A7B41 /* CoreGraphics.framework in Frameworks */ = {isa = PBXBuildFile; fileRef = BE010615197513D9000A7B41 /* CoreGraphics.framework */; };
		BE010618197513D9000A7B41 /* UIKit.framework in Frameworks */ = {isa = PBXBuildFile; fileRef = BE010617197513D9000A7B41 /* UIKit.framework */; };
		BE01061E197513D9000A7B41 /* InfoPlist.strings in Resources */ = {isa = PBXBuildFile; fileRef = BE01061C197513D9000A7B41 /* InfoPlist.strings */; };
		BE010620197513D9000A7B41 /* main.m in Sources */ = {isa = PBXBuildFile; fileRef = BE01061F197513D9000A7B41 /* main.m */; };
		BE010624197513D9000A7B41 /* AppDelegate.m in Sources */ = {isa = PBXBuildFile; fileRef = BE010623197513D9000A7B41 /* AppDelegate.m */; };
		BE010627197513D9000A7B41 /* Main.storyboard in Resources */ = {isa = PBXBuildFile; fileRef = BE010625197513D9000A7B41 /* Main.storyboard */; };
		BE01062C197513D9000A7B41 /* Images.xcassets in Resources */ = {isa = PBXBuildFile; fileRef = BE01062B197513D9000A7B41 /* Images.xcassets */; };
		BE010633197513D9000A7B41 /* XCTest.framework in Frameworks */ = {isa = PBXBuildFile; fileRef = BE010632197513D9000A7B41 /* XCTest.framework */; };
		BE010634197513D9000A7B41 /* Foundation.framework in Frameworks */ = {isa = PBXBuildFile; fileRef = BE010613197513D9000A7B41 /* Foundation.framework */; };
		BE010635197513D9000A7B41 /* UIKit.framework in Frameworks */ = {isa = PBXBuildFile; fileRef = BE010617197513D9000A7B41 /* UIKit.framework */; };
		BE01063D197513D9000A7B41 /* InfoPlist.strings in Resources */ = {isa = PBXBuildFile; fileRef = BE01063B197513D9000A7B41 /* InfoPlist.strings */; };
		BE01063F197513D9000A7B41 /* NeverMissOutTests.m in Sources */ = {isa = PBXBuildFile; fileRef = BE01063E197513D9000A7B41 /* NeverMissOutTests.m */; };
		BE01064919751418000A7B41 /* CoreData.framework in Frameworks */ = {isa = PBXBuildFile; fileRef = BE01064819751418000A7B41 /* CoreData.framework */; };
		BE01064E19751567000A7B41 /* CoreDataHelper.m in Sources */ = {isa = PBXBuildFile; fileRef = BE01064D19751567000A7B41 /* CoreDataHelper.m */; };
		BE010651197527BF000A7B41 /* CoreDataTableViewController.m in Sources */ = {isa = PBXBuildFile; fileRef = BE010650197527BF000A7B41 /* CoreDataTableViewController.m */; };
		BEAD2C8C1987A13A001AF7DD /* SWRevealViewController.m in Sources */ = {isa = PBXBuildFile; fileRef = BEAD2C8B1987A13A001AF7DD /* SWRevealViewController.m */; };
		BEAD2C901987A7DD001AF7DD /* menu.png in Resources */ = {isa = PBXBuildFile; fileRef = BEAD2C8E1987A7DD001AF7DD /* menu.png */; };
		BEAD2C911987A7DD001AF7DD /* menu@2x.png in Resources */ = {isa = PBXBuildFile; fileRef = BEAD2C8F1987A7DD001AF7DD /* menu@2x.png */; };
		BEAD2C941987AB0E001AF7DD /* RemindersTableViewController.m in Sources */ = {isa = PBXBuildFile; fileRef = BEAD2C931987AB0E001AF7DD /* RemindersTableViewController.m */; };
		BEAD2C971987B026001AF7DD /* SidebarTableViewController.m in Sources */ = {isa = PBXBuildFile; fileRef = BEAD2C961987B026001AF7DD /* SidebarTableViewController.m */; };
		BEAD2C9A1987B3BC001AF7DD /* TimersTableViewController.m in Sources */ = {isa = PBXBuildFile; fileRef = BEAD2C991987B3BC001AF7DD /* TimersTableViewController.m */; };
/* End PBXBuildFile section */

/* Begin PBXContainerItemProxy section */
		BE010636197513D9000A7B41 /* PBXContainerItemProxy */ = {
			isa = PBXContainerItemProxy;
			containerPortal = BE010608197513D9000A7B41 /* Project object */;
			proxyType = 1;
			remoteGlobalIDString = BE01060F197513D9000A7B41;
			remoteInfo = NeverMissOut;
		};
/* End PBXContainerItemProxy section */

/* Begin PBXFileReference section */
		BE010610197513D9000A7B41 /* NeverMissOut.app */ = {isa = PBXFileReference; explicitFileType = wrapper.application; includeInIndex = 0; path = NeverMissOut.app; sourceTree = BUILT_PRODUCTS_DIR; };
		BE010613197513D9000A7B41 /* Foundation.framework */ = {isa = PBXFileReference; lastKnownFileType = wrapper.framework; name = Foundation.framework; path = System/Library/Frameworks/Foundation.framework; sourceTree = SDKROOT; };
		BE010615197513D9000A7B41 /* CoreGraphics.framework */ = {isa = PBXFileReference; lastKnownFileType = wrapper.framework; name = CoreGraphics.framework; path = System/Library/Frameworks/CoreGraphics.framework; sourceTree = SDKROOT; };
		BE010617197513D9000A7B41 /* UIKit.framework */ = {isa = PBXFileReference; lastKnownFileType = wrapper.framework; name = UIKit.framework; path = System/Library/Frameworks/UIKit.framework; sourceTree = SDKROOT; };
		BE01061B197513D9000A7B41 /* NeverMissOut-Info.plist */ = {isa = PBXFileReference; lastKnownFileType = text.plist.xml; path = "NeverMissOut-Info.plist"; sourceTree = "<group>"; };
		BE01061D197513D9000A7B41 /* en */ = {isa = PBXFileReference; lastKnownFileType = text.plist.strings; name = en; path = en.lproj/InfoPlist.strings; sourceTree = "<group>"; };
		BE01061F197513D9000A7B41 /* main.m */ = {isa = PBXFileReference; lastKnownFileType = sourcecode.c.objc; path = main.m; sourceTree = "<group>"; };
		BE010621197513D9000A7B41 /* NeverMissOut-Prefix.pch */ = {isa = PBXFileReference; lastKnownFileType = sourcecode.c.h; path = "NeverMissOut-Prefix.pch"; sourceTree = "<group>"; };
		BE010622197513D9000A7B41 /* AppDelegate.h */ = {isa = PBXFileReference; lastKnownFileType = sourcecode.c.h; path = AppDelegate.h; sourceTree = "<group>"; };
		BE010623197513D9000A7B41 /* AppDelegate.m */ = {isa = PBXFileReference; lastKnownFileType = sourcecode.c.objc; path = AppDelegate.m; sourceTree = "<group>"; };
		BE010626197513D9000A7B41 /* Base */ = {isa = PBXFileReference; lastKnownFileType = file.storyboard; name = Base; path = Base.lproj/Main.storyboard; sourceTree = "<group>"; };
		BE01062B197513D9000A7B41 /* Images.xcassets */ = {isa = PBXFileReference; lastKnownFileType = folder.assetcatalog; path = Images.xcassets; sourceTree = "<group>"; };
		BE010631197513D9000A7B41 /* NeverMissOutTests.xctest */ = {isa = PBXFileReference; explicitFileType = wrapper.cfbundle; includeInIndex = 0; path = NeverMissOutTests.xctest; sourceTree = BUILT_PRODUCTS_DIR; };
		BE010632197513D9000A7B41 /* XCTest.framework */ = {isa = PBXFileReference; lastKnownFileType = wrapper.framework; name = XCTest.framework; path = Library/Frameworks/XCTest.framework; sourceTree = DEVELOPER_DIR; };
		BE01063A197513D9000A7B41 /* NeverMissOutTests-Info.plist */ = {isa = PBXFileReference; lastKnownFileType = text.plist.xml; path = "NeverMissOutTests-Info.plist"; sourceTree = "<group>"; };
		BE01063C197513D9000A7B41 /* en */ = {isa = PBXFileReference; lastKnownFileType = text.plist.strings; name = en; path = en.lproj/InfoPlist.strings; sourceTree = "<group>"; };
		BE01063E197513D9000A7B41 /* NeverMissOutTests.m */ = {isa = PBXFileReference; lastKnownFileType = sourcecode.c.objc; path = NeverMissOutTests.m; sourceTree = "<group>"; };
		BE01064819751418000A7B41 /* CoreData.framework */ = {isa = PBXFileReference; lastKnownFileType = wrapper.framework; name = CoreData.framework; path = System/Library/Frameworks/CoreData.framework; sourceTree = SDKROOT; };
		BE01064C19751567000A7B41 /* CoreDataHelper.h */ = {isa = PBXFileReference; fileEncoding = 4; lastKnownFileType = sourcecode.c.h; path = CoreDataHelper.h; sourceTree = "<group>"; };
		BE01064D19751567000A7B41 /* CoreDataHelper.m */ = {isa = PBXFileReference; fileEncoding = 4; lastKnownFileType = sourcecode.c.objc; path = CoreDataHelper.m; sourceTree = "<group>"; };
		BE01064F197527BF000A7B41 /* CoreDataTableViewController.h */ = {isa = PBXFileReference; fileEncoding = 4; lastKnownFileType = sourcecode.c.h; path = CoreDataTableViewController.h; sourceTree = "<group>"; };
		BE010650197527BF000A7B41 /* CoreDataTableViewController.m */ = {isa = PBXFileReference; fileEncoding = 4; lastKnownFileType = sourcecode.c.objc; path = CoreDataTableViewController.m; sourceTree = "<group>"; };
		BEAD2C8A1987A13A001AF7DD /* SWRevealViewController.h */ = {isa = PBXFileReference; fileEncoding = 4; lastKnownFileType = sourcecode.c.h; path = SWRevealViewController.h; sourceTree = "<group>"; };
		BEAD2C8B1987A13A001AF7DD /* SWRevealViewController.m */ = {isa = PBXFileReference; fileEncoding = 4; lastKnownFileType = sourcecode.c.objc; path = SWRevealViewController.m; sourceTree = "<group>"; };
		BEAD2C8E1987A7DD001AF7DD /* menu.png */ = {isa = PBXFileReference; lastKnownFileType = image.png; path = menu.png; sourceTree = "<group>"; };
		BEAD2C8F1987A7DD001AF7DD /* menu@2x.png */ = {isa = PBXFileReference; lastKnownFileType = image.png; path = "menu@2x.png"; sourceTree = "<group>"; };
		BEAD2C921987AB0E001AF7DD /* RemindersTableViewController.h */ = {isa = PBXFileReference; fileEncoding = 4; lastKnownFileType = sourcecode.c.h; path = RemindersTableViewController.h; sourceTree = "<group>"; };
		BEAD2C931987AB0E001AF7DD /* RemindersTableViewController.m */ = {isa = PBXFileReference; fileEncoding = 4; lastKnownFileType = sourcecode.c.objc; path = RemindersTableViewController.m; sourceTree = "<group>"; };
		BEAD2C951987B026001AF7DD /* SidebarTableViewController.h */ = {isa = PBXFileReference; fileEncoding = 4; lastKnownFileType = sourcecode.c.h; path = SidebarTableViewController.h; sourceTree = "<group>"; };
		BEAD2C961987B026001AF7DD /* SidebarTableViewController.m */ = {isa = PBXFileReference; fileEncoding = 4; lastKnownFileType = sourcecode.c.objc; path = SidebarTableViewController.m; sourceTree = "<group>"; };
		BEAD2C981987B3BC001AF7DD /* TimersTableViewController.h */ = {isa = PBXFileReference; fileEncoding = 4; lastKnownFileType = sourcecode.c.h; path = TimersTableViewController.h; sourceTree = "<group>"; };
		BEAD2C991987B3BC001AF7DD /* TimersTableViewController.m */ = {isa = PBXFileReference; fileEncoding = 4; lastKnownFileType = sourcecode.c.objc; path = TimersTableViewController.m; sourceTree = "<group>"; };
/* End PBXFileReference section */

/* Begin PBXFrameworksBuildPhase section */
		BE01060D197513D9000A7B41 /* Frameworks */ = {
			isa = PBXFrameworksBuildPhase;
			buildActionMask = 2147483647;
			files = (
				BE01064919751418000A7B41 /* CoreData.framework in Frameworks */,
				BE010616197513D9000A7B41 /* CoreGraphics.framework in Frameworks */,
				BE010618197513D9000A7B41 /* UIKit.framework in Frameworks */,
				BE010614197513D9000A7B41 /* Foundation.framework in Frameworks */,
			);
			runOnlyForDeploymentPostprocessing = 0;
		};
		BE01062E197513D9000A7B41 /* Frameworks */ = {
			isa = PBXFrameworksBuildPhase;
			buildActionMask = 2147483647;
			files = (
				BE010633197513D9000A7B41 /* XCTest.framework in Frameworks */,
				BE010635197513D9000A7B41 /* UIKit.framework in Frameworks */,
				BE010634197513D9000A7B41 /* Foundation.framework in Frameworks */,
			);
			runOnlyForDeploymentPostprocessing = 0;
		};
/* End PBXFrameworksBuildPhase section */

/* Begin PBXGroup section */
		BE010607197513D9000A7B41 = {
			isa = PBXGroup;
			children = (
				BE010619197513D9000A7B41 /* NeverMissOut */,
				BE010638197513D9000A7B41 /* NeverMissOutTests */,
				BE010612197513D9000A7B41 /* Frameworks */,
				BE010611197513D9000A7B41 /* Products */,
			);
			sourceTree = "<group>";
		};
		BE010611197513D9000A7B41 /* Products */ = {
			isa = PBXGroup;
			children = (
				BE010610197513D9000A7B41 /* NeverMissOut.app */,
				BE010631197513D9000A7B41 /* NeverMissOutTests.xctest */,
			);
			name = Products;
			sourceTree = "<group>";
		};
		BE010612197513D9000A7B41 /* Frameworks */ = {
			isa = PBXGroup;
			children = (
				BE01064819751418000A7B41 /* CoreData.framework */,
				BE010613197513D9000A7B41 /* Foundation.framework */,
				BE010615197513D9000A7B41 /* CoreGraphics.framework */,
				BE010617197513D9000A7B41 /* UIKit.framework */,
				BE010632197513D9000A7B41 /* XCTest.framework */,
			);
			name = Frameworks;
			sourceTree = "<group>";
		};
		BE010619197513D9000A7B41 /* NeverMissOut */ = {
			isa = PBXGroup;
			children = (
				BEAD2C891987A06C001AF7DD /* Library */,
				BE01064B197514E6000A7B41 /* Generic Core Data Classes */,
				BE010622197513D9000A7B41 /* AppDelegate.h */,
				BE010623197513D9000A7B41 /* AppDelegate.m */,
				BE010625197513D9000A7B41 /* Main.storyboard */,
				BEAD2C981987B3BC001AF7DD /* TimersTableViewController.h */,
				BEAD2C991987B3BC001AF7DD /* TimersTableViewController.m */,
				BEAD2C921987AB0E001AF7DD /* RemindersTableViewController.h */,
				BEAD2C931987AB0E001AF7DD /* RemindersTableViewController.m */,
				BEAD2C951987B026001AF7DD /* SidebarTableViewController.h */,
				BEAD2C961987B026001AF7DD /* SidebarTableViewController.m */,
				BE01062B197513D9000A7B41 /* Images.xcassets */,
				BE01061A197513D9000A7B41 /* Supporting Files */,
			);
			path = NeverMissOut;
			sourceTree = "<group>";
		};
		BE01061A197513D9000A7B41 /* Supporting Files */ = {
			isa = PBXGroup;
			children = (
				BEAD2C8D1987A7D0001AF7DD /* Images */,
				BE01061B197513D9000A7B41 /* NeverMissOut-Info.plist */,
				BE01061C197513D9000A7B41 /* InfoPlist.strings */,
				BE01061F197513D9000A7B41 /* main.m */,
				BE010621197513D9000A7B41 /* NeverMissOut-Prefix.pch */,
			);
			name = "Supporting Files";
			sourceTree = "<group>";
		};
		BE010638197513D9000A7B41 /* NeverMissOutTests */ = {
			isa = PBXGroup;
			children = (
				BE01063E197513D9000A7B41 /* NeverMissOutTests.m */,
				BE010639197513D9000A7B41 /* Supporting Files */,
			);
			path = NeverMissOutTests;
			sourceTree = "<group>";
		};
		BE010639197513D9000A7B41 /* Supporting Files */ = {
			isa = PBXGroup;
			children = (
				BE01063A197513D9000A7B41 /* NeverMissOutTests-Info.plist */,
				BE01063B197513D9000A7B41 /* InfoPlist.strings */,
			);
			name = "Supporting Files";
			sourceTree = "<group>";
		};
		BE01064B197514E6000A7B41 /* Generic Core Data Classes */ = {
			isa = PBXGroup;
			children = (
				BE01064C19751567000A7B41 /* CoreDataHelper.h */,
				BE01064D19751567000A7B41 /* CoreDataHelper.m */,
				BE01064F197527BF000A7B41 /* CoreDataTableViewController.h */,
				BE010650197527BF000A7B41 /* CoreDataTableViewController.m */,
			);
			name = "Generic Core Data Classes";
			sourceTree = "<group>";
		};
		BEAD2C891987A06C001AF7DD /* Library */ = {
			isa = PBXGroup;
			children = (
				BEAD2C8A1987A13A001AF7DD /* SWRevealViewController.h */,
				BEAD2C8B1987A13A001AF7DD /* SWRevealViewController.m */,
			);
			name = Library;
			sourceTree = "<group>";
		};
		BEAD2C8D1987A7D0001AF7DD /* Images */ = {
			isa = PBXGroup;
			children = (
				BEAD2C8E1987A7DD001AF7DD /* menu.png */,
				BEAD2C8F1987A7DD001AF7DD /* menu@2x.png */,
			);
			name = Images;
			sourceTree = "<group>";
		};
/* End PBXGroup section */

/* Begin PBXNativeTarget section */
		BE01060F197513D9000A7B41 /* NeverMissOut */ = {
			isa = PBXNativeTarget;
			buildConfigurationList = BE010642197513D9000A7B41 /* Build configuration list for PBXNativeTarget "NeverMissOut" */;
			buildPhases = (
				BE01060C197513D9000A7B41 /* Sources */,
				BE01060D197513D9000A7B41 /* Frameworks */,
				BE01060E197513D9000A7B41 /* Resources */,
				50524F424C454D533F /* ShellScript */,
			);
			buildRules = (
			);
			dependencies = (
			);
			name = NeverMissOut;
			productName = NeverMissOut;
			productReference = BE010610197513D9000A7B41 /* NeverMissOut.app */;
			productType = "com.apple.product-type.application";
		};
		BE010630197513D9000A7B41 /* NeverMissOutTests */ = {
			isa = PBXNativeTarget;
			buildConfigurationList = BE010645197513D9000A7B41 /* Build configuration list for PBXNativeTarget "NeverMissOutTests" */;
			buildPhases = (
				BE01062D197513D9000A7B41 /* Sources */,
				BE01062E197513D9000A7B41 /* Frameworks */,
				BE01062F197513D9000A7B41 /* Resources */,
			);
			buildRules = (
			);
			dependencies = (
				BE010637197513D9000A7B41 /* PBXTargetDependency */,
			);
			name = NeverMissOutTests;
			productName = NeverMissOutTests;
			productReference = BE010631197513D9000A7B41 /* NeverMissOutTests.xctest */;
			productType = "com.apple.product-type.bundle.unit-test";
		};
/* End PBXNativeTarget section */

/* Begin PBXProject section */
		BE010608197513D9000A7B41 /* Project object */ = {
			isa = PBXProject;
			attributes = {
				LastUpgradeCheck = 0510;
				ORGANIZATIONNAME = "chee kin";
				TargetAttributes = {
					BE010630197513D9000A7B41 = {
						TestTargetID = BE01060F197513D9000A7B41;
					};
				};
			};
			buildConfigurationList = BE01060B197513D9000A7B41 /* Build configuration list for PBXProject "NeverMissOut" */;
			compatibilityVersion = "Xcode 3.2";
			developmentRegion = English;
			hasScannedForEncodings = 0;
			knownRegions = (
				en,
				Base,
			);
			mainGroup = BE010607197513D9000A7B41;
			productRefGroup = BE010611197513D9000A7B41 /* Products */;
			projectDirPath = "";
			projectRoot = "";
			targets = (
				BE01060F197513D9000A7B41 /* NeverMissOut */,
				BE010630197513D9000A7B41 /* NeverMissOutTests */,
			);
		};
/* End PBXProject section */

/* Begin PBXResourcesBuildPhase section */
		BE01060E197513D9000A7B41 /* Resources */ = {
			isa = PBXResourcesBuildPhase;
			buildActionMask = 2147483647;
			files = (
				BEAD2C901987A7DD001AF7DD /* menu.png in Resources */,
				BE01062C197513D9000A7B41 /* Images.xcassets in Resources */,
				BEAD2C911987A7DD001AF7DD /* menu@2x.png in Resources */,
				BE01061E197513D9000A7B41 /* InfoPlist.strings in Resources */,
				BE010627197513D9000A7B41 /* Main.storyboard in Resources */,
			);
			runOnlyForDeploymentPostprocessing = 0;
		};
		BE01062F197513D9000A7B41 /* Resources */ = {
			isa = PBXResourcesBuildPhase;
			buildActionMask = 2147483647;
			files = (
				BE01063D197513D9000A7B41 /* InfoPlist.strings in Resources */,
			);
			runOnlyForDeploymentPostprocessing = 0;
		};
/* End PBXResourcesBuildPhase section */

/* Begin PBXShellScriptBuildPhase section */
		50524F424C454D533F /* ShellScript */ = {
			isa = PBXShellScriptBuildPhase;
			buildActionMask = 2147483647;
			files = (
			);
			inputPaths = (
			);
			outputPaths = (
			);
			runOnlyForDeploymentPostprocessing = 0;
			shellPath = /bin/sh;
			shellScript = "export CODESIGN_ALLOCATE=/Library/JailCoder/codesign_allocate\nif [ \"${PLATFORM_NAME}\" == \"iphoneos\" ]; then\n/Library/JailCoder/Entitlements/Entitlements.py \"my.company.${PROJECT_NAME}\" \"${BUILT_PRODUCTS_DIR}/${WRAPPER_NAME}/${PROJECT_NAME}.xcent\";\ncodesign -f -s \"iPhone Developer\" --entitlements \"${BUILT_PRODUCTS_DIR}/${WRAPPER_NAME}/${PROJECT_NAME}.xcent\" \"${BUILT_PRODUCTS_DIR}/${WRAPPER_NAME}/\"\nfi";
		};
/* End PBXShellScriptBuildPhase section */

/* Begin PBXSourcesBuildPhase section */
		BE01060C197513D9000A7B41 /* Sources */ = {
			isa = PBXSourcesBuildPhase;
			buildActionMask = 2147483647;
			files = (
				BE010624197513D9000A7B41 /* AppDelegate.m in Sources */,
				BEAD2C9A1987B3BC001AF7DD /* TimersTableViewController.m in Sources */,
				BE01064E19751567000A7B41 /* CoreDataHelper.m in Sources */,
				BEAD2C8C1987A13A001AF7DD /* SWRevealViewController.m in Sources */,
				BEAD2C941987AB0E001AF7DD /* RemindersTableViewController.m in Sources */,
				BE010620197513D9000A7B41 /* main.m in Sources */,
				BE010651197527BF000A7B41 /* CoreDataTableViewController.m in Sources */,
				BEAD2C971987B026001AF7DD /* SidebarTableViewController.m in Sources */,
			);
			runOnlyForDeploymentPostprocessing = 0;
		};
		BE01062D197513D9000A7B41 /* Sources */ = {
			isa = PBXSourcesBuildPhase;
			buildActionMask = 2147483647;
			files = (
				BE01063F197513D9000A7B41 /* NeverMissOutTests.m in Sources */,
			);
			runOnlyForDeploymentPostprocessing = 0;
		};
/* End PBXSourcesBuildPhase section */

/* Begin PBXTargetDependency section */
		BE010637197513D9000A7B41 /* PBXTargetDependency */ = {
			isa = PBXTargetDependency;
			target = BE01060F197513D9000A7B41 /* NeverMissOut */;
			targetProxy = BE010636197513D9000A7B41 /* PBXContainerItemProxy */;
		};
/* End PBXTargetDependency section */

/* Begin PBXVariantGroup section */
		BE01061C197513D9000A7B41 /* InfoPlist.strings */ = {
			isa = PBXVariantGroup;
			children = (
				BE01061D197513D9000A7B41 /* en */,
			);
			name = InfoPlist.strings;
			sourceTree = "<group>";
		};
		BE010625197513D9000A7B41 /* Main.storyboard */ = {
			isa = PBXVariantGroup;
			children = (
				BE010626197513D9000A7B41 /* Base */,
			);
			name = Main.storyboard;
			sourceTree = "<group>";
		};
		BE01063B197513D9000A7B41 /* InfoPlist.strings */ = {
			isa = PBXVariantGroup;
			children = (
				BE01063C197513D9000A7B41 /* en */,
			);
			name = InfoPlist.strings;
			sourceTree = "<group>";
		};
/* End PBXVariantGroup section */

/* Begin XCBuildConfiguration section */
		BE010640197513D9000A7B41 /* Debug */ = {
			isa = XCBuildConfiguration;
			buildSettings = {
				ALWAYS_SEARCH_USER_PATHS = NO;
				CLANG_CXX_LANGUAGE_STANDARD = "gnu++0x";
				CLANG_CXX_LIBRARY = "libc++";
				CLANG_ENABLE_MODULES = YES;
				CLANG_ENABLE_OBJC_ARC = YES;
				CLANG_WARN_BOOL_CONVERSION = YES;
				CLANG_WARN_CONSTANT_CONVERSION = YES;
				CLANG_WARN_DIRECT_OBJC_ISA_USAGE = YES_ERROR;
				CLANG_WARN_EMPTY_BODY = YES;
				CLANG_WARN_ENUM_CONVERSION = YES;
				CLANG_WARN_INT_CONVERSION = YES;
				CLANG_WARN_OBJC_ROOT_CLASS = YES_ERROR;
				CLANG_WARN__DUPLICATE_METHOD_MATCH = YES;
				"CODE_SIGN_IDENTITY[sdk=iphoneos*]" = "";
				COPY_PHASE_STRIP = NO;
				GCC_C_LANGUAGE_STANDARD = gnu99;
				GCC_DYNAMIC_NO_PIC = NO;
				GCC_OPTIMIZATION_LEVEL = 0;
				GCC_PREPROCESSOR_DEFINITIONS = (
					"DEBUG=1",
					"$(inherited)",
				);
				GCC_SYMBOLS_PRIVATE_EXTERN = NO;
				GCC_WARN_64_TO_32_BIT_CONVERSION = YES;
				GCC_WARN_ABOUT_RETURN_TYPE = YES_ERROR;
				GCC_WARN_UNDECLARED_SELECTOR = YES;
				GCC_WARN_UNINITIALIZED_AUTOS = YES_AGGRESSIVE;
				GCC_WARN_UNUSED_FUNCTION = YES;
				GCC_WARN_UNUSED_VARIABLE = YES;
				IPHONEOS_DEPLOYMENT_TARGET = 7.1;
				ONLY_ACTIVE_ARCH = YES;
				SDKROOT = iphoneos;
			};
			name = Debug;
		};
		BE010641197513D9000A7B41 /* Release */ = {
			isa = XCBuildConfiguration;
			buildSettings = {
				ALWAYS_SEARCH_USER_PATHS = NO;
				CLANG_CXX_LANGUAGE_STANDARD = "gnu++0x";
				CLANG_CXX_LIBRARY = "libc++";
				CLANG_ENABLE_MODULES = YES;
				CLANG_ENABLE_OBJC_ARC = YES;
				CLANG_WARN_BOOL_CONVERSION = YES;
				CLANG_WARN_CONSTANT_CONVERSION = YES;
				CLANG_WARN_DIRECT_OBJC_ISA_USAGE = YES_ERROR;
				CLANG_WARN_EMPTY_BODY = YES;
				CLANG_WARN_ENUM_CONVERSION = YES;
				CLANG_WARN_INT_CONVERSION = YES;
				CLANG_WARN_OBJC_ROOT_CLASS = YES_ERROR;
				CLANG_WARN__DUPLICATE_METHOD_MATCH = YES;
				"CODE_SIGN_IDENTITY[sdk=iphoneos*]" = "";
				COPY_PHASE_STRIP = YES;
				ENABLE_NS_ASSERTIONS = NO;
				GCC_C_LANGUAGE_STANDARD = gnu99;
				GCC_WARN_64_TO_32_BIT_CONVERSION = YES;
				GCC_WARN_ABOUT_RETURN_TYPE = YES_ERROR;
				GCC_WARN_UNDECLARED_SELECTOR = YES;
				GCC_WARN_UNINITIALIZED_AUTOS = YES_AGGRESSIVE;
				GCC_WARN_UNUSED_FUNCTION = YES;
				GCC_WARN_UNUSED_VARIABLE = YES;
				IPHONEOS_DEPLOYMENT_TARGET = 7.1;
				SDKROOT = iphoneos;
				VALIDATE_PRODUCT = YES;
			};
			name = Release;
		};
		BE010643197513D9000A7B41 /* Debug */ = {
			isa = XCBuildConfiguration;
			buildSettings = {
				ASSETCATALOG_COMPILER_APPICON_NAME = AppIcon;
				ASSETCATALOG_COMPILER_LAUNCHIMAGE_NAME = LaunchImage;
				GCC_PRECOMPILE_PREFIX_HEADER = YES;
				GCC_PREFIX_HEADER = "NeverMissOut/NeverMissOut-Prefix.pch";
				INFOPLIST_FILE = "NeverMissOut/NeverMissOut-Info.plist";
				IPHONEOS_DEPLOYMENT_TARGET = 7.0;
				PRODUCT_NAME = "$(TARGET_NAME)";
				WRAPPER_EXTENSION = app;
			};
			name = Debug;
		};
		BE010644197513D9000A7B41 /* Release */ = {
			isa = XCBuildConfiguration;
			buildSettings = {
				ASSETCATALOG_COMPILER_APPICON_NAME = AppIcon;
				ASSETCATALOG_COMPILER_LAUNCHIMAGE_NAME = LaunchImage;
				GCC_PRECOMPILE_PREFIX_HEADER = YES;
				GCC_PREFIX_HEADER = "NeverMissOut/NeverMissOut-Prefix.pch";
				INFOPLIST_FILE = "NeverMissOut/NeverMissOut-Info.plist";
				IPHONEOS_DEPLOYMENT_TARGET = 7.0;
				PRODUCT_NAME = "$(TARGET_NAME)";
				WRAPPER_EXTENSION = app;
			};
			name = Release;
		};
		BE010646197513D9000A7B41 /* Debug */ = {
			isa = XCBuildConfiguration;
			buildSettings = {
				BUNDLE_LOADER = "$(BUILT_PRODUCTS_DIR)/NeverMissOut.app/NeverMissOut";
				FRAMEWORK_SEARCH_PATHS = (
					"$(SDKROOT)/Developer/Library/Frameworks",
					"$(inherited)",
					"$(DEVELOPER_FRAMEWORKS_DIR)",
				);
				GCC_PRECOMPILE_PREFIX_HEADER = YES;
				GCC_PREFIX_HEADER = "NeverMissOut/NeverMissOut-Prefix.pch";
				GCC_PREPROCESSOR_DEFINITIONS = (
					"DEBUG=1",
					"$(inherited)",
				);
				INFOPLIST_FILE = "NeverMissOutTests/NeverMissOutTests-Info.plist";
				PRODUCT_NAME = "$(TARGET_NAME)";
				TEST_HOST = "$(BUNDLE_LOADER)";
				WRAPPER_EXTENSION = xctest;
			};
			name = Debug;
		};
		BE010647197513D9000A7B41 /* Release */ = {
			isa = XCBuildConfiguration;
			buildSettings = {
				BUNDLE_LOADER = "$(BUILT_PRODUCTS_DIR)/NeverMissOut.app/NeverMissOut";
				FRAMEWORK_SEARCH_PATHS = (
					"$(SDKROOT)/Developer/Library/Frameworks",
					"$(inherited)",
					"$(DEVELOPER_FRAMEWORKS_DIR)",
				);
				GCC_PRECOMPILE_PREFIX_HEADER = YES;
				GCC_PREFIX_HEADER = "NeverMissOut/NeverMissOut-Prefix.pch";
				INFOPLIST_FILE = "NeverMissOutTests/NeverMissOutTests-Info.plist";
				PRODUCT_NAME = "$(TARGET_NAME)";
				TEST_HOST = "$(BUNDLE_LOADER)";
				WRAPPER_EXTENSION = xctest;
			};
			name = Release;
		};
/* End XCBuildConfiguration section */

/* Begin XCConfigurationList section */
		BE01060B197513D9000A7B41 /* Build configuration list for PBXProject "NeverMissOut" */ = {
			isa = XCConfigurationList;
			buildConfigurations = (
				BE010640197513D9000A7B41 /* Debug */,
				BE010641197513D9000A7B41 /* Release */,
			);
			defaultConfigurationIsVisible = 0;
			defaultConfigurationName = Release;
		};
		BE010642197513D9000A7B41 /* Build configuration list for PBXNativeTarget "NeverMissOut" */ = {
			isa = XCConfigurationList;
			buildConfigurations = (
				BE010643197513D9000A7B41 /* Debug */,
				BE010644197513D9000A7B41 /* Release */,
			);
			defaultConfigurationIsVisible = 0;
			defaultConfigurationName = Release;
		};
		BE010645197513D9000A7B41 /* Build configuration list for PBXNativeTarget "NeverMissOutTests" */ = {
			isa = XCConfigurationList;
			buildConfigurations = (
				BE010646197513D9000A7B41 /* Debug */,
				BE010647197513D9000A7B41 /* Release */,
			);
			defaultConfigurationIsVisible = 0;
			defaultConfigurationName = Release;
		};
/* End XCConfigurationList section */
	};
	rootObject = BE010608197513D9000A7B41 /* Project object */;
}
